
Microsoft Visual Studio Solution File, Format Version 12.00
# Visual Studio Version 17
VisualStudioVersion = 17.8.34309.116
MinimumVisualStudioVersion = 10.0.40219.1
Project("{FAE04EC0-301F-11D3-BF4B-00C04F79EFBC}") = "CovrMe", "CovrMe\CovrMe.csproj", "{D1836B4C-BACA-4356-BBBC-C3B67145795E}"
EndProject
Project("{FAE04EC0-301F-11D3-BF4B-00C04F79EFBC}") = "CovrMe.Models", "CovrMe.Models\CovrMe.Models.csproj", "{C7C8899E-B6FA-4341-871D-5E8C62A07B63}"
EndProject
Project("{FAE04EC0-301F-11D3-BF4B-00C04F79EFBC}") = "CovrMe.Services", "CovrMe.Services\CovrMe.Services.csproj", "{ADD0033A-1769-4CF5-8A35-ABF99F66809D}"
EndProject
Project("{FAE04EC0-301F-11D3-BF4B-00C04F79EFBC}") = "CovrMe.Shared", "CovrMe.Shared\CovrMe.Shared.csproj", "{D18EB0DD-2F58-4317-A929-2BAB70089D5B}"
EndProject
Global
	GlobalSection(SolutionConfigurationPlatforms) = preSolution
		Debug|Any CPU = Debug|Any CPU
		Release|Any CPU = Release|Any CPU
	EndGlobalSection
	GlobalSection(ProjectConfigurationPlatforms) = postSolution
		{D1836B4C-BACA-4356-BBBC-C3B67145795E}.Debug|Any CPU.ActiveCfg = Debug|Any CPU
		{D1836B4C-BACA-4356-BBBC-C3B67145795E}.Debug|Any CPU.Build.0 = Debug|Any CPU
		{D1836B4C-BACA-4356-BBBC-C3B67145795E}.Debug|Any CPU.Deploy.0 = Debug|Any CPU
		{D1836B4C-BACA-4356-BBBC-C3B67145795E}.Release|Any CPU.ActiveCfg = Release|Any CPU
		{D1836B4C-BACA-4356-BBBC-C3B67145795E}.Release|Any CPU.Build.0 = Release|Any CPU
		{D1836B4C-BACA-4356-BBBC-C3B67145795E}.Release|Any CPU.Deploy.0 = Release|Any CPU
		{C7C8899E-B6FA-4341-871D-5E8C62A07B63}.Debug|Any CPU.ActiveCfg = Debug|Any CPU
		{C7C8899E-B6FA-4341-871D-5E8C62A07B63}.Debug|Any CPU.Build.0 = Debug|Any CPU
		{C7C8899E-B6FA-4341-871D-5E8C62A07B63}.Release|Any CPU.ActiveCfg = Release|Any CPU
		{C7C8899E-B6FA-4341-871D-5E8C62A07B63}.Release|Any CPU.Build.0 = Release|Any CPU
		{ADD0033A-1769-4CF5-8A35-ABF99F66809D}.Debug|Any CPU.ActiveCfg = Debug|Any CPU
		{ADD0033A-1769-4CF5-8A35-ABF99F66809D}.Debug|Any CPU.Build.0 = Debug|Any CPU
		{ADD0033A-1769-4CF5-8A35-ABF99F66809D}.Release|Any CPU.ActiveCfg = Release|Any CPU
		{ADD0033A-1769-4CF5-8A35-ABF99F66809D}.Release|Any CPU.Build.0 = Release|Any CPU
		{D18EB0DD-2F58-4317-A929-2BAB70089D5B}.Debug|Any CPU.ActiveCfg = Debug|Any CPU
		{D18EB0DD-2F58-4317-A929-2BAB70089D5B}.Debug|Any CPU.Build.0 = Debug|Any CPU
		{D18EB0DD-2F58-4317-A929-2BAB70089D5B}.Release|Any CPU.ActiveCfg = Release|Any CPU
		{D18EB0DD-2F58-4317-A929-2BAB70089D5B}.Release|Any CPU.Build.0 = Release|Any CPU
	EndGlobalSection
	GlobalSection(SolutionProperties) = preSolution
		HideSolutionNode = FALSE
	EndGlobalSection
	GlobalSection(ExtensibilityGlobals) = postSolution
		SolutionGuid = {05FF7C8B-1F24-43AD-BA76-C23D1630A5E3}
	EndGlobalSection
EndGlobal
